
Microsoft Visual Studio Solution File, Format Version 12.00
# Visual Studio Version 17
VisualStudioVersion = 17.3.32825.248
MinimumVisualStudioVersion = 10.0.40219.1
Project("{9A19103F-16F7-4668-BE54-9A1E7A4F7556}") = "EventManagement.Models", "EventManagement.Models\EventManagement.Models.csproj", "{D820F479-9573-4EBB-B2CD-0F43380BDDA5}"
EndProject
Project("{FAE04EC0-301F-11D3-BF4B-00C04F79EFBC}") = "EventManagement.Dal", "EventManagement.Dal\EventManagement.Dal.csproj", "{77295C6B-B451-445D-865E-E20D291B9FE6}"
EndProject
Project("{FAE04EC0-301F-11D3-BF4B-00C04F79EFBC}") = "EventManagement.WebApi", "EventManagement.WebApi\EventManagement.WebApi.csproj", "{6E870F34-34A1-4010-8691-8B20224ACBAC}"
EndProject
Global
	GlobalSection(SolutionConfigurationPlatforms) = preSolution
		Debug|Any CPU = Debug|Any CPU
		Release|Any CPU = Release|Any CPU
	EndGlobalSection
	GlobalSection(ProjectConfigurationPlatforms) = postSolution
		{D820F479-9573-4EBB-B2CD-0F43380BDDA5}.Debug|Any CPU.ActiveCfg = Debug|Any CPU
		{D820F479-9573-4EBB-B2CD-0F43380BDDA5}.Debug|Any CPU.Build.0 = Debug|Any CPU
		{D820F479-9573-4EBB-B2CD-0F43380BDDA5}.Release|Any CPU.ActiveCfg = Release|Any CPU
		{D820F479-9573-4EBB-B2CD-0F43380BDDA5}.Release|Any CPU.Build.0 = Release|Any CPU
		{77295C6B-B451-445D-865E-E20D291B9FE6}.Debug|Any CPU.ActiveCfg = Debug|Any CPU
		{77295C6B-B451-445D-865E-E20D291B9FE6}.Debug|Any CPU.Build.0 = Debug|Any CPU
		{77295C6B-B451-445D-865E-E20D291B9FE6}.Release|Any CPU.ActiveCfg = Release|Any CPU
		{77295C6B-B451-445D-865E-E20D291B9FE6}.Release|Any CPU.Build.0 = Release|Any CPU
		{6E870F34-34A1-4010-8691-8B20224ACBAC}.Debug|Any CPU.ActiveCfg = Debug|Any CPU
		{6E870F34-34A1-4010-8691-8B20224ACBAC}.Debug|Any CPU.Build.0 = Debug|Any CPU
		{6E870F34-34A1-4010-8691-8B20224ACBAC}.Release|Any CPU.ActiveCfg = Release|Any CPU
		{6E870F34-34A1-4010-8691-8B20224ACBAC}.Release|Any CPU.Build.0 = Release|Any CPU
	EndGlobalSection
	GlobalSection(SolutionProperties) = preSolution
		HideSolutionNode = FALSE
	EndGlobalSection
	GlobalSection(ExtensibilityGlobals) = postSolution
		SolutionGuid = {34C61E53-FAC7-4D3D-9BE8-84F27093308D}
	EndGlobalSection
EndGlobal
